// !$*UTF8*$!
{
	archiveVersion = 1;
	classes = {
	};
	objectVersion = 46;
	objects = {

/* Begin PBXBuildFile section */
		1177100E1B6B589E00286745 /* main.m in Sources */ = {isa = PBXBuildFile; fileRef = 1177100D1B6B589E00286745 /* main.m */; };
		117710111B6B589E00286745 /* AppDelegate.m in Sources */ = {isa = PBXBuildFile; fileRef = 117710101B6B589E00286745 /* AppDelegate.m */; };
		117710141B6B589E00286745 /* ViewController.m in Sources */ = {isa = PBXBuildFile; fileRef = 117710131B6B589E00286745 /* ViewController.m */; };
		117710171B6B589E00286745 /* Main.storyboard in Resources */ = {isa = PBXBuildFile; fileRef = 117710151B6B589E00286745 /* Main.storyboard */; };
		117710191B6B589E00286745 /* Images.xcassets in Resources */ = {isa = PBXBuildFile; fileRef = 117710181B6B589E00286745 /* Images.xcassets */; };
		1177101C1B6B589E00286745 /* LaunchScreen.xib in Resources */ = {isa = PBXBuildFile; fileRef = 1177101A1B6B589E00286745 /* LaunchScreen.xib */; };
		117710281B6B589E00286745 /* WeatherInGreenlandTests.m in Sources */ = {isa = PBXBuildFile; fileRef = 117710271B6B589E00286745 /* WeatherInGreenlandTests.m */; };
		117710331B6B5A1500286745 /* YQL.m in Sources */ = {isa = PBXBuildFile; fileRef = 117710321B6B5A1500286745 /* YQL.m */; };
/* End PBXBuildFile section */

/* Begin PBXContainerItemProxy section */
		117710221B6B589E00286745 /* PBXContainerItemProxy */ = {
			isa = PBXContainerItemProxy;
			containerPortal = 117710001B6B589E00286745 /* Project object */;
			proxyType = 1;
			remoteGlobalIDString = 117710071B6B589E00286745;
			remoteInfo = WeatherInGreenland;
		};
/* End PBXContainerItemProxy section */

/* Begin PBXFileReference section */
		117710081B6B589E00286745 /* WeatherInGreenland.app */ = {isa = PBXFileReference; explicitFileType = wrapper.application; includeInIndex = 0; path = WeatherInGreenland.app; sourceTree = BUILT_PRODUCTS_DIR; };
		1177100C1B6B589E00286745 /* Info.plist */ = {isa = PBXFileReference; lastKnownFileType = text.plist.xml; path = Info.plist; sourceTree = "<group>"; };
		1177100D1B6B589E00286745 /* main.m */ = {isa = PBXFileReference; lastKnownFileType = sourcecode.c.objc; path = main.m; sourceTree = "<group>"; };
		1177100F1B6B589E00286745 /* AppDelegate.h */ = {isa = PBXFileReference; lastKnownFileType = sourcecode.c.h; path = AppDelegate.h; sourceTree = "<group>"; };
		117710101B6B589E00286745 /* AppDelegate.m */ = {isa = PBXFileReference; lastKnownFileType = sourcecode.c.objc; path = AppDelegate.m; sourceTree = "<group>"; };
		117710121B6B589E00286745 /* ViewController.h */ = {isa = PBXFileReference; lastKnownFileType = sourcecode.c.h; path = ViewController.h; sourceTree = "<group>"; };
		117710131B6B589E00286745 /* ViewController.m */ = {isa = PBXFileReference; lastKnownFileType = sourcecode.c.objc; path = ViewController.m; sourceTree = "<group>"; };
		117710161B6B589E00286745 /* Base */ = {isa = PBXFileReference; lastKnownFileType = file.storyboard; name = Base; path = Base.lproj/Main.storyboard; sourceTree = "<group>"; };
		117710181B6B589E00286745 /* Images.xcassets */ = {isa = PBXFileReference; lastKnownFileType = folder.assetcatalog; path = Images.xcassets; sourceTree = "<group>"; };
		1177101B1B6B589E00286745 /* Base */ = {isa = PBXFileReference; lastKnownFileType = file.xib; name = Base; path = Base.lproj/LaunchScreen.xib; sourceTree = "<group>"; };
		117710211B6B589E00286745 /* WeatherInGreenlandTests.xctest */ = {isa = PBXFileReference; explicitFileType = wrapper.cfbundle; includeInIndex = 0; path = WeatherInGreenlandTests.xctest; sourceTree = BUILT_PRODUCTS_DIR; };
		117710261B6B589E00286745 /* Info.plist */ = {isa = PBXFileReference; lastKnownFileType = text.plist.xml; path = Info.plist; sourceTree = "<group>"; };
		117710271B6B589E00286745 /* WeatherInGreenlandTests.m */ = {isa = PBXFileReference; lastKnownFileType = sourcecode.c.objc; path = WeatherInGreenlandTests.m; sourceTree = "<group>"; };
		117710311B6B5A1500286745 /* YQL.h */ = {isa = PBXFileReference; fileEncoding = 4; lastKnownFileType = sourcecode.c.h; path = YQL.h; sourceTree = "<group>"; };
		117710321B6B5A1500286745 /* YQL.m */ = {isa = PBXFileReference; fileEncoding = 4; lastKnownFileType = sourcecode.c.objc; path = YQL.m; sourceTree = "<group>"; };
/* End PBXFileReference section */

/* Begin PBXFrameworksBuildPhase section */
		117710051B6B589E00286745 /* Frameworks */ = {
			isa = PBXFrameworksBuildPhase;
			buildActionMask = 2147483647;
			files = (
			);
			runOnlyForDeploymentPostprocessing = 0;
		};
		1177101E1B6B589E00286745 /* Frameworks */ = {
			isa = PBXFrameworksBuildPhase;
			buildActionMask = 2147483647;
			files = (
			);
			runOnlyForDeploymentPostprocessing = 0;
		};
/* End PBXFrameworksBuildPhase section */

/* Begin PBXGroup section */
		11770FFF1B6B589E00286745 = {
			isa = PBXGroup;
			children = (
				1177100A1B6B589E00286745 /* WeatherInGreenland */,
				117710241B6B589E00286745 /* WeatherInGreenlandTests */,
				117710091B6B589E00286745 /* Products */,
			);
			sourceTree = "<group>";
		};
		117710091B6B589E00286745 /* Products */ = {
			isa = PBXGroup;
			children = (
				117710081B6B589E00286745 /* WeatherInGreenland.app */,
				117710211B6B589E00286745 /* WeatherInGreenlandTests.xctest */,
			);
			name = Products;
			sourceTree = "<group>";
		};
		1177100A1B6B589E00286745 /* WeatherInGreenland */ = {
			isa = PBXGroup;
			children = (
				1177100F1B6B589E00286745 /* AppDelegate.h */,
				117710101B6B589E00286745 /* AppDelegate.m */,
				117710121B6B589E00286745 /* ViewController.h */,
				117710131B6B589E00286745 /* ViewController.m */,
				117710311B6B5A1500286745 /* YQL.h */,
				117710321B6B5A1500286745 /* YQL.m */,
				117710151B6B589E00286745 /* Main.storyboard */,
				117710181B6B589E00286745 /* Images.xcassets */,
				1177101A1B6B589E00286745 /* LaunchScreen.xib */,
				1177100B1B6B589E00286745 /* Supporting Files */,
			);
			path = WeatherInGreenland;
			sourceTree = "<group>";
		};
		1177100B1B6B589E00286745 /* Supporting Files */ = {
			isa = PBXGroup;
			children = (
				1177100C1B6B589E00286745 /* Info.plist */,
				1177100D1B6B589E00286745 /* main.m */,
			);
			name = "Supporting Files";
			sourceTree = "<group>";
		};
		117710241B6B589E00286745 /* WeatherInGreenlandTests */ = {
			isa = PBXGroup;
			children = (
				117710271B6B589E00286745 /* WeatherInGreenlandTests.m */,
				117710251B6B589E00286745 /* Supporting Files */,
			);
			path = WeatherInGreenlandTests;
			sourceTree = "<group>";
		};
		117710251B6B589E00286745 /* Supporting Files */ = {
			isa = PBXGroup;
			children = (
				117710261B6B589E00286745 /* Info.plist */,
			);
			name = "Supporting Files";
			sourceTree = "<group>";
		};
/* End PBXGroup section */

/* Begin PBXNativeTarget section */
		117710071B6B589E00286745 /* WeatherInGreenland */ = {
			isa = PBXNativeTarget;
			buildConfigurationList = 1177102B1B6B589E00286745 /* Build configuration list for PBXNativeTarget "WeatherInGreenland" */;
			buildPhases = (
				117710041B6B589E00286745 /* Sources */,
				117710051B6B589E00286745 /* Frameworks */,
				117710061B6B589E00286745 /* Resources */,
			);
			buildRules = (
			);
			dependencies = (
			);
			name = WeatherInGreenland;
			productName = WeatherInGreenland;
			productReference = 117710081B6B589E00286745 /* WeatherInGreenland.app */;
			productType = "com.apple.product-type.application";
		};
		117710201B6B589E00286745 /* WeatherInGreenlandTests */ = {
			isa = PBXNativeTarget;
			buildConfigurationList = 1177102E1B6B589E00286745 /* Build configuration list for PBXNativeTarget "WeatherInGreenlandTests" */;
			buildPhases = (
				1177101D1B6B589E00286745 /* Sources */,
				1177101E1B6B589E00286745 /* Frameworks */,
				1177101F1B6B589E00286745 /* Resources */,
			);
			buildRules = (
			);
			dependencies = (
				117710231B6B589E00286745 /* PBXTargetDependency */,
			);
			name = WeatherInGreenlandTests;
			productName = WeatherInGreenlandTests;
			productReference = 117710211B6B589E00286745 /* WeatherInGreenlandTests.xctest */;
			productType = "com.apple.product-type.bundle.unit-test";
		};
/* End PBXNativeTarget section */

/* Begin PBXProject section */
		117710001B6B589E00286745 /* Project object */ = {
			isa = PBXProject;
			attributes = {
				LastUpgradeCheck = 0630;
				ORGANIZATIONNAME = Alexander;
				TargetAttributes = {
					117710071B6B589E00286745 = {
						CreatedOnToolsVersion = 6.3.2;
					};
					117710201B6B589E00286745 = {
						CreatedOnToolsVersion = 6.3.2;
						TestTargetID = 117710071B6B589E00286745;
					};
				};
			};
			buildConfigurationList = 117710031B6B589E00286745 /* Build configuration list for PBXProject "WeatherInGreenland" */;
			compatibilityVersion = "Xcode 3.2";
			developmentRegion = English;
			hasScannedForEncodings = 0;
			knownRegions = (
				en,
				Base,
			);
			mainGroup = 11770FFF1B6B589E00286745;
			productRefGroup = 117710091B6B589E00286745 /* Products */;
			projectDirPath = "";
			projectRoot = "";
			targets = (
				117710071B6B589E00286745 /* WeatherInGreenland */,
				117710201B6B589E00286745 /* WeatherInGreenlandTests */,
			);
		};
/* End PBXProject section */

/* Begin PBXResourcesBuildPhase section */
		117710061B6B589E00286745 /* Resources */ = {
			isa = PBXResourcesBuildPhase;
			buildActionMask = 2147483647;
			files = (
				117710171B6B589E00286745 /* Main.storyboard in Resources */,
				1177101C1B6B589E00286745 /* LaunchScreen.xib in Resources */,
				117710191B6B589E00286745 /* Images.xcassets in Resources */,
			);
			runOnlyForDeploymentPostprocessing = 0;
		};
		1177101F1B6B589E00286745 /* Resources */ = {
			isa = PBXResourcesBuildPhase;
			buildActionMask = 2147483647;
			files = (
			);
			runOnlyForDeploymentPostprocessing = 0;
		};
/* End PBXResourcesBuildPhase section */

/* Begin PBXSourcesBuildPhase section */
		117710041B6B589E00286745 /* Sources */ = {
			isa = PBXSourcesBuildPhase;
			buildActionMask = 2147483647;
			files = (
				117710141B6B589E00286745 /* ViewController.m in Sources */,
				117710111B6B589E00286745 /* AppDelegate.m in Sources */,
				117710331B6B5A1500286745 /* YQL.m in Sources */,
				1177100E1B6B589E00286745 /* main.m in Sources */,
			);
			runOnlyForDeploymentPostprocessing = 0;
		};
		1177101D1B6B589E00286745 /* Sources */ = {
			isa = PBXSourcesBuildPhase;
			buildActionMask = 2147483647;
			files = (
				117710281B6B589E00286745 /* WeatherInGreenlandTests.m in Sources */,
			);
			runOnlyForDeploymentPostprocessing = 0;
		};
/* End PBXSourcesBuildPhase section */

/* Begin PBXTargetDependency section */
		117710231B6B589E00286745 /* PBXTargetDependency */ = {
			isa = PBXTargetDependency;
			target = 117710071B6B589E00286745 /* WeatherInGreenland */;
			targetProxy = 117710221B6B589E00286745 /* PBXContainerItemProxy */;
		};
/* End PBXTargetDependency section */

/* Begin PBXVariantGroup section */
		117710151B6B589E00286745 /* Main.storyboard */ = {
			isa = PBXVariantGroup;
			children = (
				117710161B6B589E00286745 /* Base */,
			);
			name = Main.storyboard;
			sourceTree = "<group>";
		};
		1177101A1B6B589E00286745 /* LaunchScreen.xib */ = {
			isa = PBXVariantGroup;
			children = (
				1177101B1B6B589E00286745 /* Base */,
			);
			name = LaunchScreen.xib;
			sourceTree = "<group>";
		};
/* End PBXVariantGroup section */

/* Begin XCBuildConfiguration section */
		117710291B6B589E00286745 /* Debug */ = {
			isa = XCBuildConfiguration;
			buildSettings = {
				ALWAYS_SEARCH_USER_PATHS = NO;
				CLANG_CXX_LANGUAGE_STANDARD = "gnu++0x";
				CLANG_CXX_LIBRARY = "libc++";
				CLANG_ENABLE_MODULES = YES;
				CLANG_ENABLE_OBJC_ARC = YES;
				CLANG_WARN_BOOL_CONVERSION = YES;
				CLANG_WARN_CONSTANT_CONVERSION = YES;
				CLANG_WARN_DIRECT_OBJC_ISA_USAGE = YES_ERROR;
				CLANG_WARN_EMPTY_BODY = YES;
				CLANG_WARN_ENUM_CONVERSION = YES;
				CLANG_WARN_INT_CONVERSION = YES;
				CLANG_WARN_OBJC_ROOT_CLASS = YES_ERROR;
				CLANG_WARN_UNREACHABLE_CODE = YES;
				CLANG_WARN__DUPLICATE_METHOD_MATCH = YES;
				"CODE_SIGN_IDENTITY[sdk=iphoneos*]" = "iPhone Developer";
				COPY_PHASE_STRIP = NO;
				DEBUG_INFORMATION_FORMAT = "dwarf-with-dsym";
				ENABLE_STRICT_OBJC_MSGSEND = YES;
				GCC_C_LANGUAGE_STANDARD = gnu99;
				GCC_DYNAMIC_NO_PIC = NO;
				GCC_NO_COMMON_BLOCKS = YES;
				GCC_OPTIMIZATION_LEVEL = 0;
				GCC_PREPROCESSOR_DEFINITIONS = (
					"DEBUG=1",
					"$(inherited)",
				);
				GCC_SYMBOLS_PRIVATE_EXTERN = NO;
				GCC_WARN_64_TO_32_BIT_CONVERSION = YES;
				GCC_WARN_ABOUT_RETURN_TYPE = YES_ERROR;
				GCC_WARN_UNDECLARED_SELECTOR = YES;
				GCC_WARN_UNINITIALIZED_AUTOS = YES_AGGRESSIVE;
				GCC_WARN_UNUSED_FUNCTION = YES;
				GCC_WARN_UNUSED_VARIABLE = YES;
				IPHONEOS_DEPLOYMENT_TARGET = 6.0;
				MTL_ENABLE_DEBUG_INFO = YES;
				ONLY_ACTIVE_ARCH = YES;
				SDKROOT = iphoneos;
			};
			name = Debug;
		};
		1177102A1B6B589E00286745 /* Release */ = {
			isa = XCBuildConfiguration;
			buildSettings = {
				ALWAYS_SEARCH_USER_PATHS = NO;
				CLANG_CXX_LANGUAGE_STANDARD = "gnu++0x";
				CLANG_CXX_LIBRARY = "libc++";
				CLANG_ENABLE_MODULES = YES;
				CLANG_ENABLE_OBJC_ARC = YES;
				CLANG_WARN_BOOL_CONVERSION = YES;
				CLANG_WARN_CONSTANT_CONVERSION = YES;
				CLANG_WARN_DIRECT_OBJC_ISA_USAGE = YES_ERROR;
				CLANG_WARN_EMPTY_BODY = YES;
				CLANG_WARN_ENUM_CONVERSION = YES;
				CLANG_WARN_INT_CONVERSION = YES;
				CLANG_WARN_OBJC_ROOT_CLASS = YES_ERROR;
				CLANG_WARN_UNREACHABLE_CODE = YES;
				CLANG_WARN__DUPLICATE_METHOD_MATCH = YES;
				"CODE_SIGN_IDENTITY[sdk=iphoneos*]" = "iPhone Developer";
				COPY_PHASE_STRIP = NO;
				DEBUG_INFORMATION_FORMAT = "dwarf-with-dsym";
				ENABLE_NS_ASSERTIONS = NO;
				ENABLE_STRICT_OBJC_MSGSEND = YES;
				GCC_C_LANGUAGE_STANDARD = gnu99;
				GCC_NO_COMMON_BLOCKS = YES;
				GCC_WARN_64_TO_32_BIT_CONVERSION = YES;
				GCC_WARN_ABOUT_RETURN_TYPE = YES_ERROR;
				GCC_WARN_UNDECLARED_SELECTOR = YES;
				GCC_WARN_UNINITIALIZED_AUTOS = YES_AGGRESSIVE;
				GCC_WARN_UNUSED_FUNCTION = YES;
				GCC_WARN_UNUSED_VARIABLE = YES;
				IPHONEOS_DEPLOYMENT_TARGET = 6.0;
				MTL_ENABLE_DEBUG_INFO = NO;
				SDKROOT = iphoneos;
				VALIDATE_PRODUCT = YES;
			};
			name = Release;
		};
		1177102C1B6B589E00286745 /* Debug */ = {
			isa = XCBuildConfiguration;
			buildSettings = {
				ASSETCATALOG_COMPILER_APPICON_NAME = AppIcon;
				CODE_SIGN_IDENTITY = "iPhone Developer";
				INFOPLIST_FILE = WeatherInGreenland/Info.plist;
				LD_RUNPATH_SEARCH_PATHS = "$(inherited) @executable_path/Frameworks";
				PRODUCT_NAME = "$(TARGET_NAME)";
			};
			name = Debug;
		};
		1177102D1B6B589E00286745 /* Release */ = {
			isa = XCBuildConfiguration;
			buildSettings = {
				ASSETCATALOG_COMPILER_APPICON_NAME = AppIcon;
				CODE_SIGN_IDENTITY = "iPhone Developer";
				INFOPLIST_FILE = WeatherInGreenland/Info.plist;
				LD_RUNPATH_SEARCH_PATHS = "$(inherited) @executable_path/Frameworks";
				PRODUCT_NAME = "$(TARGET_NAME)";
			};
			name = Release;
		};
		1177102F1B6B589E00286745 /* Debug */ = {
			isa = XCBuildConfiguration;
			buildSettings = {
				BUNDLE_LOADER = "$(TEST_HOST)";
				FRAMEWORK_SEARCH_PATHS = (
					"$(SDKROOT)/Developer/Library/Frameworks",
					"$(inherited)",
				);
				GCC_PREPROCESSOR_DEFINITIONS = (
					"DEBUG=1",
					"$(inherited)",
				);
				INFOPLIST_FILE = WeatherInGreenlandTests/Info.plist;
				LD_RUNPATH_SEARCH_PATHS = "$(inherited) @executable_path/Frameworks @loader_path/Frameworks";
				PRODUCT_NAME = "$(TARGET_NAME)";
				TEST_HOST = "$(BUILT_PRODUCTS_DIR)/WeatherInGreenland.app/WeatherInGreenland";
			};
			name = Debug;
		};
		117710301B6B589E00286745 /* Release */ = {
			isa = XCBuildConfiguration;
			buildSettings = {
				BUNDLE_LOADER = "$(TEST_HOST)";
				FRAMEWORK_SEARCH_PATHS = (
					"$(SDKROOT)/Developer/Library/Frameworks",
					"$(inherited)",
				);
				INFOPLIST_FILE = WeatherInGreenlandTests/Info.plist;
				LD_RUNPATH_SEARCH_PATHS = "$(inherited) @executable_path/Frameworks @loader_path/Frameworks";
				PRODUCT_NAME = "$(TARGET_NAME)";
				TEST_HOST = "$(BUILT_PRODUCTS_DIR)/WeatherInGreenland.app/WeatherInGreenland";
			};
			name = Release;
		};
/* End XCBuildConfiguration section */

/* Begin XCConfigurationList section */
		117710031B6B589E00286745 /* Build configuration list for PBXProject "WeatherInGreenland" */ = {
			isa = XCConfigurationList;
			buildConfigurations = (
				117710291B6B589E00286745 /* Debug */,
				1177102A1B6B589E00286745 /* Release */,
			);
			defaultConfigurationIsVisible = 0;
			defaultConfigurationName = Release;
		};
		1177102B1B6B589E00286745 /* Build configuration list for PBXNativeTarget "WeatherInGreenland" */ = {
			isa = XCConfigurationList;
			buildConfigurations = (
				1177102C1B6B589E00286745 /* Debug */,
				1177102D1B6B589E00286745 /* Release */,
			);
			defaultConfigurationIsVisible = 0;
			defaultConfigurationName = Release;
		};
		1177102E1B6B589E00286745 /* Build configuration list for PBXNativeTarget "WeatherInGreenlandTests" */ = {
			isa = XCConfigurationList;
			buildConfigurations = (
				1177102F1B6B589E00286745 /* Debug */,
				117710301B6B589E00286745 /* Release */,
			);
			defaultConfigurationIsVisible = 0;
			defaultConfigurationName = Release;
		};
/* End XCConfigurationList section */
	};
	rootObject = 117710001B6B589E00286745 /* Project object */;
}
